// !$*UTF8*$!
{
	archiveVersion = 1;
	classes = {
	};
	objectVersion = 77;
	objects = {

/* Begin PBXBuildFile section */
		00AB36417BE4C2C30F25D549 /* ContentView.swift in Sources */ = {isa = PBXBuildFile; fileRef = 6FDD7151997022F6BBEF75D7 /* ContentView.swift */; };
		0708AED0CE4F1D8F854D4207 /* ConsoleView.swift in Sources */ = {isa = PBXBuildFile; fileRef = 0B8DF0CF0FE010E4C7D6DED5 /* ConsoleView.swift */; };
		2487AB3EF1587368678F7359 /* ProjectMaintenanceTests.swift in Sources */ = {isa = PBXBuildFile; fileRef = D383EE24020F362DCA91D2AD /* ProjectMaintenanceTests.swift */; };
		27ACD95FAE1D070B5CDF8E44 /* DesignTokens.swift in Sources */ = {isa = PBXBuildFile; fileRef = EFD28908C292F992A8B7604D /* DesignTokens.swift */; };
		28AFA88B737DFE02C5F76CAF /* TerminalPaneView.swift in Sources */ = {isa = PBXBuildFile; fileRef = 909D7B729F55900D9E368C8F /* TerminalPaneView.swift */; };
		29F650A9D5E064F8A4858606 /* KeyboardShortcutStoreTests.swift in Sources */ = {isa = PBXBuildFile; fileRef = 4ABEE72C3015BEC5E82FFB38 /* KeyboardShortcutStoreTests.swift */; };
		2E7694D090B7E99F7769C029 /* DaemonMessage.swift in Sources */ = {isa = PBXBuildFile; fileRef = EC2931B4F2207918872BF9A3 /* DaemonMessage.swift */; };
		312E55F228081EA816F1DADF /* KeyboardShortcut.swift in Sources */ = {isa = PBXBuildFile; fileRef = 32C57ABE915A4E0827979D2B /* KeyboardShortcut.swift */; };
		394CF4704C826C2732445DE1 /* KeyboardShortcutStore.swift in Sources */ = {isa = PBXBuildFile; fileRef = C42D61244982D36CC59B56F1 /* KeyboardShortcutStore.swift */; };
		3BF5931C1FD30FCC3E6E512E /* SettingsView.swift in Sources */ = {isa = PBXBuildFile; fileRef = C73ED4F2C7A9BDAFD76D7D17 /* SettingsView.swift */; };
		434A219E4683E9DCE116EE25 /* FlutterDaemon.swift in Sources */ = {isa = PBXBuildFile; fileRef = 88F3D6AFD9D9F4086375B66C /* FlutterDaemon.swift */; };
		43D137E7CB1DB709CFE506E0 /* Assets.xcassets in Resources */ = {isa = PBXBuildFile; fileRef = 9C8C7D70F4EF3799877DF49A /* Assets.xcassets */; };
		4E56EC6CA5B080C05B6AD6F7 /* LaunchConfig.swift in Sources */ = {isa = PBXBuildFile; fileRef = 0EA04432BDE70A9CE144D6CE /* LaunchConfig.swift */; };
		51F01DCB2D4C1AC8FE1A91F3 /* ProjectValidationTests.swift in Sources */ = {isa = PBXBuildFile; fileRef = C0FAAFA5E198564675DBAC21 /* ProjectValidationTests.swift */; };
		59ACC177FCB14BC5A444F1EE /* WorkspaceProjectIsolationTests.swift in Sources */ = {isa = PBXBuildFile; fileRef = AB0ED5E497C55E2FA3E83CD9 /* WorkspaceProjectIsolationTests.swift */; };
		5C31CC74E40331976E9CCB61 /* AppState.swift in Sources */ = {isa = PBXBuildFile; fileRef = 03AB6D93B36C677EBF0B3A7F /* AppState.swift */; };
		5F8E2EAAF34B68570A8FCB78 /* WorkspaceModels.swift in Sources */ = {isa = PBXBuildFile; fileRef = EAE4D03BC832EA093551A641 /* WorkspaceModels.swift */; };
		648965C44BBCF4C6C136B6A1 /* ThemeModeTests.swift in Sources */ = {isa = PBXBuildFile; fileRef = 2225E093B82B1BEAF545586C /* ThemeModeTests.swift */; };
		6C91BB9A4F7F789C07827CBC /* UserDefaultsStore.swift in Sources */ = {isa = PBXBuildFile; fileRef = F11099FCF848AE4E7D897218 /* UserDefaultsStore.swift */; };
		6E3289167BC13E023417AAE4 /* SwiftTerm in Frameworks */ = {isa = PBXBuildFile; productRef = 36CA4DCF99B160C8AFEA0BDB /* SwiftTerm */; };
		6ECD3CAEC5F2D6F621BF41AE /* LiveWorkspaceView.swift in Sources */ = {isa = PBXBuildFile; fileRef = 680089CCD5D3059F68CB957A /* LiveWorkspaceView.swift */; };
		719300B07EE2390FB5C1D46D /* SessionDetailView.swift in Sources */ = {isa = PBXBuildFile; fileRef = C9C90CF50EA8E5D64761CE88 /* SessionDetailView.swift */; };
		721E5248DA9472FDF665DEAE /* LogEntry.swift in Sources */ = {isa = PBXBuildFile; fileRef = D298101938A5413CB9DCC6E8 /* LogEntry.swift */; };
		7F1E4F6716064B0CFBDCA8E9 /* TerminalWorkspaceManagerTests.swift in Sources */ = {isa = PBXBuildFile; fileRef = 162B1C791DC95E51A11D8786 /* TerminalWorkspaceManagerTests.swift */; };
		8404B29785C8B2EED01F1AE9 /* WorkbenchSidebar.swift in Sources */ = {isa = PBXBuildFile; fileRef = 0AE0F1B54A0388E1ADAB669F /* WorkbenchSidebar.swift */; };
		856A2316A3E033F6B0F5A420 /* FlutterProjectMaintenanceService.swift in Sources */ = {isa = PBXBuildFile; fileRef = 71934A11F27078BB2E195145 /* FlutterProjectMaintenanceService.swift */; };
		94DFD392D1266C62C890EA53 /* TerminalWorkspaceManager.swift in Sources */ = {isa = PBXBuildFile; fileRef = 755F43520ADF1E76728F9292 /* TerminalWorkspaceManager.swift */; };
		A5AD0407EBF01A72F8B8C40D /* WorkspaceViewModel.swift in Sources */ = {isa = PBXBuildFile; fileRef = A4F1C514A6001F3CB7C845D2 /* WorkspaceViewModel.swift */; };
		A64DA7BE49AE46B4EBD82964 /* FluggerApp.swift in Sources */ = {isa = PBXBuildFile; fileRef = 9435D22E2738D1BB643A8C14 /* FluggerApp.swift */; };
		A7BE3F5EFABB7833F98B40FC /* WorkspaceStoreTests.swift in Sources */ = {isa = PBXBuildFile; fileRef = BFD48EEC79E17379806DCB09 /* WorkspaceStoreTests.swift */; };
		AA0AD14BD3C84564A3BF8F41 /* Device.swift in Sources */ = {isa = PBXBuildFile; fileRef = 8433814BE09CFAB1AE409DE6 /* Device.swift */; };
		AB191763BDB8030CC75DA340 /* WorkspaceStore.swift in Sources */ = {isa = PBXBuildFile; fileRef = 1A3C413A46014A6C1787E4BD /* WorkspaceStore.swift */; };
		ADDEA4858553067D136E67A6 /* LegacySidebarToolbarItemCleanup.swift in Sources */ = {isa = PBXBuildFile; fileRef = DFABB69362C437CFA6E504EE /* LegacySidebarToolbarItemCleanup.swift */; };
		BD789F4471451F982F278352 /* RunnerMessage.swift in Sources */ = {isa = PBXBuildFile; fileRef = CE70EF2FEA7B5EDCF1D44794 /* RunnerMessage.swift */; };
		C4DEB393E505C2BCE7F2957E /* ConsoleLogToolsTests.swift in Sources */ = {isa = PBXBuildFile; fileRef = 97E33CC7454FBA7213B412E1 /* ConsoleLogToolsTests.swift */; };
		E5B7224D61006A08408194BB /* MultiProjectRunnerTests.swift in Sources */ = {isa = PBXBuildFile; fileRef = 6FB5C4F29E609E3A525A9AD6 /* MultiProjectRunnerTests.swift */; };
		FCFB244068E3E7FA83ACF722 /* FlutterRunner.swift in Sources */ = {isa = PBXBuildFile; fileRef = A0CE868A0610481F988454EE /* FlutterRunner.swift */; };
/* End PBXBuildFile section */

/* Begin PBXContainerItemProxy section */
		BBCCD3B34FD02B6182712304 /* PBXContainerItemProxy */ = {
			isa = PBXContainerItemProxy;
			containerPortal = 5D6B3E4873E4844686FE3CFC /* Project object */;
			proxyType = 1;
			remoteGlobalIDString = C065D9C14285BC70311DB6A0;
			remoteInfo = Flugger;
		};
/* End PBXContainerItemProxy section */

/* Begin PBXFileReference section */
		03AB6D93B36C677EBF0B3A7F /* AppState.swift */ = {isa = PBXFileReference; lastKnownFileType = sourcecode.swift; path = AppState.swift; sourceTree = "<group>"; };
		0AE0F1B54A0388E1ADAB669F /* WorkbenchSidebar.swift */ = {isa = PBXFileReference; lastKnownFileType = sourcecode.swift; path = WorkbenchSidebar.swift; sourceTree = "<group>"; };
		0B8DF0CF0FE010E4C7D6DED5 /* ConsoleView.swift */ = {isa = PBXFileReference; lastKnownFileType = sourcecode.swift; path = ConsoleView.swift; sourceTree = "<group>"; };
		0EA04432BDE70A9CE144D6CE /* LaunchConfig.swift */ = {isa = PBXFileReference; lastKnownFileType = sourcecode.swift; path = LaunchConfig.swift; sourceTree = "<group>"; };
		162B1C791DC95E51A11D8786 /* TerminalWorkspaceManagerTests.swift */ = {isa = PBXFileReference; lastKnownFileType = sourcecode.swift; path = TerminalWorkspaceManagerTests.swift; sourceTree = "<group>"; };
		1A3C413A46014A6C1787E4BD /* WorkspaceStore.swift */ = {isa = PBXFileReference; lastKnownFileType = sourcecode.swift; path = WorkspaceStore.swift; sourceTree = "<group>"; };
		2225E093B82B1BEAF545586C /* ThemeModeTests.swift */ = {isa = PBXFileReference; lastKnownFileType = sourcecode.swift; path = ThemeModeTests.swift; sourceTree = "<group>"; };
		265E4F5A4CF73BAE246DA562 /* Info.plist */ = {isa = PBXFileReference; lastKnownFileType = text.plist; path = Info.plist; sourceTree = "<group>"; };
		32C57ABE915A4E0827979D2B /* KeyboardShortcut.swift */ = {isa = PBXFileReference; lastKnownFileType = sourcecode.swift; path = KeyboardShortcut.swift; sourceTree = "<group>"; };
		33C1040EF1224A424FB3861D /* Flugger.entitlements */ = {isa = PBXFileReference; lastKnownFileType = text.plist.entitlements; path = Flugger.entitlements; sourceTree = "<group>"; };
		4ABEE72C3015BEC5E82FFB38 /* KeyboardShortcutStoreTests.swift */ = {isa = PBXFileReference; lastKnownFileType = sourcecode.swift; path = KeyboardShortcutStoreTests.swift; sourceTree = "<group>"; };
		680089CCD5D3059F68CB957A /* LiveWorkspaceView.swift */ = {isa = PBXFileReference; lastKnownFileType = sourcecode.swift; path = LiveWorkspaceView.swift; sourceTree = "<group>"; };
		6FB5C4F29E609E3A525A9AD6 /* MultiProjectRunnerTests.swift */ = {isa = PBXFileReference; lastKnownFileType = sourcecode.swift; path = MultiProjectRunnerTests.swift; sourceTree = "<group>"; };
		6FDD7151997022F6BBEF75D7 /* ContentView.swift */ = {isa = PBXFileReference; lastKnownFileType = sourcecode.swift; path = ContentView.swift; sourceTree = "<group>"; };
		71934A11F27078BB2E195145 /* FlutterProjectMaintenanceService.swift */ = {isa = PBXFileReference; lastKnownFileType = sourcecode.swift; path = FlutterProjectMaintenanceService.swift; sourceTree = "<group>"; };
		755F43520ADF1E76728F9292 /* TerminalWorkspaceManager.swift */ = {isa = PBXFileReference; lastKnownFileType = sourcecode.swift; path = TerminalWorkspaceManager.swift; sourceTree = "<group>"; };
		8433814BE09CFAB1AE409DE6 /* Device.swift */ = {isa = PBXFileReference; lastKnownFileType = sourcecode.swift; path = Device.swift; sourceTree = "<group>"; };
		88F3D6AFD9D9F4086375B66C /* FlutterDaemon.swift */ = {isa = PBXFileReference; lastKnownFileType = sourcecode.swift; path = FlutterDaemon.swift; sourceTree = "<group>"; };
		909D7B729F55900D9E368C8F /* TerminalPaneView.swift */ = {isa = PBXFileReference; lastKnownFileType = sourcecode.swift; path = TerminalPaneView.swift; sourceTree = "<group>"; };
		9435D22E2738D1BB643A8C14 /* FluggerApp.swift */ = {isa = PBXFileReference; lastKnownFileType = sourcecode.swift; path = FluggerApp.swift; sourceTree = "<group>"; };
		97E33CC7454FBA7213B412E1 /* ConsoleLogToolsTests.swift */ = {isa = PBXFileReference; lastKnownFileType = sourcecode.swift; path = ConsoleLogToolsTests.swift; sourceTree = "<group>"; };
		9C8C7D70F4EF3799877DF49A /* Assets.xcassets */ = {isa = PBXFileReference; lastKnownFileType = folder.assetcatalog; path = Assets.xcassets; sourceTree = "<group>"; };
		A0CE868A0610481F988454EE /* FlutterRunner.swift */ = {isa = PBXFileReference; lastKnownFileType = sourcecode.swift; path = FlutterRunner.swift; sourceTree = "<group>"; };
		A4F1C514A6001F3CB7C845D2 /* WorkspaceViewModel.swift */ = {isa = PBXFileReference; lastKnownFileType = sourcecode.swift; path = WorkspaceViewModel.swift; sourceTree = "<group>"; };
		A5F49D2EEDB0D7F46814D566 /* FluggerTests.xctest */ = {isa = PBXFileReference; explicitFileType = wrapper.cfbundle; includeInIndex = 0; path = FluggerTests.xctest; sourceTree = BUILT_PRODUCTS_DIR; };
		AB0ED5E497C55E2FA3E83CD9 /* WorkspaceProjectIsolationTests.swift */ = {isa = PBXFileReference; lastKnownFileType = sourcecode.swift; path = WorkspaceProjectIsolationTests.swift; sourceTree = "<group>"; };
		BFD48EEC79E17379806DCB09 /* WorkspaceStoreTests.swift */ = {isa = PBXFileReference; lastKnownFileType = sourcecode.swift; path = WorkspaceStoreTests.swift; sourceTree = "<group>"; };
		C0FAAFA5E198564675DBAC21 /* ProjectValidationTests.swift */ = {isa = PBXFileReference; lastKnownFileType = sourcecode.swift; path = ProjectValidationTests.swift; sourceTree = "<group>"; };
		C42D61244982D36CC59B56F1 /* KeyboardShortcutStore.swift */ = {isa = PBXFileReference; lastKnownFileType = sourcecode.swift; path = KeyboardShortcutStore.swift; sourceTree = "<group>"; };
		C73ED4F2C7A9BDAFD76D7D17 /* SettingsView.swift */ = {isa = PBXFileReference; lastKnownFileType = sourcecode.swift; path = SettingsView.swift; sourceTree = "<group>"; };
		C9C90CF50EA8E5D64761CE88 /* SessionDetailView.swift */ = {isa = PBXFileReference; lastKnownFileType = sourcecode.swift; path = SessionDetailView.swift; sourceTree = "<group>"; };
		CE70EF2FEA7B5EDCF1D44794 /* RunnerMessage.swift */ = {isa = PBXFileReference; lastKnownFileType = sourcecode.swift; path = RunnerMessage.swift; sourceTree = "<group>"; };
		D298101938A5413CB9DCC6E8 /* LogEntry.swift */ = {isa = PBXFileReference; lastKnownFileType = sourcecode.swift; path = LogEntry.swift; sourceTree = "<group>"; };
		D383EE24020F362DCA91D2AD /* ProjectMaintenanceTests.swift */ = {isa = PBXFileReference; lastKnownFileType = sourcecode.swift; path = ProjectMaintenanceTests.swift; sourceTree = "<group>"; };
		DFABB69362C437CFA6E504EE /* LegacySidebarToolbarItemCleanup.swift */ = {isa = PBXFileReference; lastKnownFileType = sourcecode.swift; path = LegacySidebarToolbarItemCleanup.swift; sourceTree = "<group>"; };
		EAE4D03BC832EA093551A641 /* WorkspaceModels.swift */ = {isa = PBXFileReference; lastKnownFileType = sourcecode.swift; path = WorkspaceModels.swift; sourceTree = "<group>"; };
		EC2931B4F2207918872BF9A3 /* DaemonMessage.swift */ = {isa = PBXFileReference; lastKnownFileType = sourcecode.swift; path = DaemonMessage.swift; sourceTree = "<group>"; };
		EFD28908C292F992A8B7604D /* DesignTokens.swift */ = {isa = PBXFileReference; lastKnownFileType = sourcecode.swift; path = DesignTokens.swift; sourceTree = "<group>"; };
		F11099FCF848AE4E7D897218 /* UserDefaultsStore.swift */ = {isa = PBXFileReference; lastKnownFileType = sourcecode.swift; path = UserDefaultsStore.swift; sourceTree = "<group>"; };
		FA0A5717087F25DDC4AA0B27 /* Flugger.app */ = {isa = PBXFileReference; explicitFileType = wrapper.application; includeInIndex = 0; path = Flugger.app; sourceTree = BUILT_PRODUCTS_DIR; };
/* End PBXFileReference section */

/* Begin PBXFrameworksBuildPhase section */
		7AB95B6BA8808206ADCCE351 /* Frameworks */ = {
			isa = PBXFrameworksBuildPhase;
			buildActionMask = 2147483647;
			files = (
				6E3289167BC13E023417AAE4 /* SwiftTerm in Frameworks */,
			);
			runOnlyForDeploymentPostprocessing = 0;
		};
/* End PBXFrameworksBuildPhase section */

/* Begin PBXGroup section */
		2F211FEE8E11593308FE470F /* Views */ = {
			isa = PBXGroup;
			children = (
				6FDD7151997022F6BBEF75D7 /* ContentView.swift */,
				DFABB69362C437CFA6E504EE /* LegacySidebarToolbarItemCleanup.swift */,
				F64599F0E692043A47F70D70 /* Settings */,
				9F0E5889BEB1DE1E5FC89F9B /* Workspace */,
			);
			path = Views;
			sourceTree = "<group>";
		};
		3B9F301D7EE6BE4AAA7DF76D /* Flugger */ = {
			isa = PBXGroup;
			children = (
				9C8C7D70F4EF3799877DF49A /* Assets.xcassets */,
				33C1040EF1224A424FB3861D /* Flugger.entitlements */,
				9435D22E2738D1BB643A8C14 /* FluggerApp.swift */,
				265E4F5A4CF73BAE246DA562 /* Info.plist */,
				4CA703F011B093AB28AF3EDE /* Design */,
				B11820B7744A6D4293EF0D5A /* Models */,
				FED200E5547B33292DAC4F8E /* Services */,
				2F211FEE8E11593308FE470F /* Views */,
			);
			name = Flugger;
			path = Sources/Flugger;
			sourceTree = "<group>";
		};
		4CA703F011B093AB28AF3EDE /* Design */ = {
			isa = PBXGroup;
			children = (
				EFD28908C292F992A8B7604D /* DesignTokens.swift */,
			);
			path = Design;
			sourceTree = "<group>";
		};
		9F0E5889BEB1DE1E5FC89F9B /* Workspace */ = {
			isa = PBXGroup;
			children = (
				0B8DF0CF0FE010E4C7D6DED5 /* ConsoleView.swift */,
				680089CCD5D3059F68CB957A /* LiveWorkspaceView.swift */,
				C9C90CF50EA8E5D64761CE88 /* SessionDetailView.swift */,
				909D7B729F55900D9E368C8F /* TerminalPaneView.swift */,
				0AE0F1B54A0388E1ADAB669F /* WorkbenchSidebar.swift */,
			);
			path = Workspace;
			sourceTree = "<group>";
		};
		AF32BE810854A2DD33FA8026 /* Products */ = {
			isa = PBXGroup;
			children = (
				FA0A5717087F25DDC4AA0B27 /* Flugger.app */,
				A5F49D2EEDB0D7F46814D566 /* FluggerTests.xctest */,
			);
			name = Products;
			sourceTree = "<group>";
		};
		B11820B7744A6D4293EF0D5A /* Models */ = {
			isa = PBXGroup;
			children = (
				03AB6D93B36C677EBF0B3A7F /* AppState.swift */,
				EC2931B4F2207918872BF9A3 /* DaemonMessage.swift */,
				8433814BE09CFAB1AE409DE6 /* Device.swift */,
				32C57ABE915A4E0827979D2B /* KeyboardShortcut.swift */,
				0EA04432BDE70A9CE144D6CE /* LaunchConfig.swift */,
				D298101938A5413CB9DCC6E8 /* LogEntry.swift */,
				CE70EF2FEA7B5EDCF1D44794 /* RunnerMessage.swift */,
				EAE4D03BC832EA093551A641 /* WorkspaceModels.swift */,
			);
			path = Models;
			sourceTree = "<group>";
		};
		DB9C99A99B83E698B5565B99 /* FluggerTests */ = {
			isa = PBXGroup;
			children = (
				97E33CC7454FBA7213B412E1 /* ConsoleLogToolsTests.swift */,
				4ABEE72C3015BEC5E82FFB38 /* KeyboardShortcutStoreTests.swift */,
				6FB5C4F29E609E3A525A9AD6 /* MultiProjectRunnerTests.swift */,
				D383EE24020F362DCA91D2AD /* ProjectMaintenanceTests.swift */,
				C0FAAFA5E198564675DBAC21 /* ProjectValidationTests.swift */,
				162B1C791DC95E51A11D8786 /* TerminalWorkspaceManagerTests.swift */,
				2225E093B82B1BEAF545586C /* ThemeModeTests.swift */,
				AB0ED5E497C55E2FA3E83CD9 /* WorkspaceProjectIsolationTests.swift */,
				BFD48EEC79E17379806DCB09 /* WorkspaceStoreTests.swift */,
			);
			name = FluggerTests;
			path = Tests/FluggerTests;
			sourceTree = "<group>";
		};
		E084065B7BCA3D5B34DB6A36 = {
			isa = PBXGroup;
			children = (
				3B9F301D7EE6BE4AAA7DF76D /* Flugger */,
				DB9C99A99B83E698B5565B99 /* FluggerTests */,
				AF32BE810854A2DD33FA8026 /* Products */,
			);
			sourceTree = "<group>";
		};
		F64599F0E692043A47F70D70 /* Settings */ = {
			isa = PBXGroup;
			children = (
				C73ED4F2C7A9BDAFD76D7D17 /* SettingsView.swift */,
			);
			path = Settings;
			sourceTree = "<group>";
		};
		FED200E5547B33292DAC4F8E /* Services */ = {
			isa = PBXGroup;
			children = (
				88F3D6AFD9D9F4086375B66C /* FlutterDaemon.swift */,
				71934A11F27078BB2E195145 /* FlutterProjectMaintenanceService.swift */,
				A0CE868A0610481F988454EE /* FlutterRunner.swift */,
				C42D61244982D36CC59B56F1 /* KeyboardShortcutStore.swift */,
				755F43520ADF1E76728F9292 /* TerminalWorkspaceManager.swift */,
				F11099FCF848AE4E7D897218 /* UserDefaultsStore.swift */,
				1A3C413A46014A6C1787E4BD /* WorkspaceStore.swift */,
				A4F1C514A6001F3CB7C845D2 /* WorkspaceViewModel.swift */,
			);
			path = Services;
			sourceTree = "<group>";
		};
/* End PBXGroup section */

/* Begin PBXNativeTarget section */
		ADE0B8CD35A8545A962E9CF4 /* FluggerTests */ = {
			isa = PBXNativeTarget;
			buildConfigurationList = 5DD6F08728BED50C3B72A449 /* Build configuration list for PBXNativeTarget "FluggerTests" */;
			buildPhases = (
				AF0B899B367B3B5DEF6A591E /* Sources */,
			);
			buildRules = (
			);
			dependencies = (
				688D4A77DDCDFE5AD97ABA7D /* PBXTargetDependency */,
			);
			name = FluggerTests;
			packageProductDependencies = (
			);
			productName = FluggerTests;
			productReference = A5F49D2EEDB0D7F46814D566 /* FluggerTests.xctest */;
			productType = "com.apple.product-type.bundle.unit-test";
		};
		C065D9C14285BC70311DB6A0 /* Flugger */ = {
			isa = PBXNativeTarget;
			buildConfigurationList = 3E390EC327689EB35C60E2B1 /* Build configuration list for PBXNativeTarget "Flugger" */;
			buildPhases = (
				BACDA9BEFF7DA11042C65BB0 /* Sources */,
				CFD8C0C11693C5DD4A434D39 /* Resources */,
				7AB95B6BA8808206ADCCE351 /* Frameworks */,
			);
			buildRules = (
			);
			dependencies = (
			);
			name = Flugger;
			packageProductDependencies = (
				36CA4DCF99B160C8AFEA0BDB /* SwiftTerm */,
			);
			productName = Flugger;
			productReference = FA0A5717087F25DDC4AA0B27 /* Flugger.app */;
			productType = "com.apple.product-type.application";
		};
/* End PBXNativeTarget section */

/* Begin PBXProject section */
		5D6B3E4873E4844686FE3CFC /* Project object */ = {
			isa = PBXProject;
			attributes = {
				BuildIndependentTargetsInParallel = YES;
				LastUpgradeCheck = 1430;
				TargetAttributes = {
				};
			};
			buildConfigurationList = E1B001A2C2FA19ADCB961354 /* Build configuration list for PBXProject "Flugger" */;
			developmentRegion = en;
			hasScannedForEncodings = 0;
			knownRegions = (
				Base,
				en,
			);
			mainGroup = E084065B7BCA3D5B34DB6A36;
			minimizedProjectReferenceProxies = 1;
			packageReferences = (
				3335CF4C7047683D3B720579 /* XCRemoteSwiftPackageReference "SwiftTerm" */,
			);
			preferredProjectObjectVersion = 77;
			productRefGroup = AF32BE810854A2DD33FA8026 /* Products */;
			projectDirPath = "";
			projectRoot = "";
			targets = (
				C065D9C14285BC70311DB6A0 /* Flugger */,
				ADE0B8CD35A8545A962E9CF4 /* FluggerTests */,
			);
		};
/* End PBXProject section */

/* Begin PBXResourcesBuildPhase section */
		CFD8C0C11693C5DD4A434D39 /* Resources */ = {
			isa = PBXResourcesBuildPhase;
			buildActionMask = 2147483647;
			files = (
				43D137E7CB1DB709CFE506E0 /* Assets.xcassets in Resources */,
			);
			runOnlyForDeploymentPostprocessing = 0;
		};
/* End PBXResourcesBuildPhase section */

/* Begin PBXSourcesBuildPhase section */
		AF0B899B367B3B5DEF6A591E /* Sources */ = {
			isa = PBXSourcesBuildPhase;
			buildActionMask = 2147483647;
			files = (
				C4DEB393E505C2BCE7F2957E /* ConsoleLogToolsTests.swift in Sources */,
				29F650A9D5E064F8A4858606 /* KeyboardShortcutStoreTests.swift in Sources */,
				E5B7224D61006A08408194BB /* MultiProjectRunnerTests.swift in Sources */,
				2487AB3EF1587368678F7359 /* ProjectMaintenanceTests.swift in Sources */,
				51F01DCB2D4C1AC8FE1A91F3 /* ProjectValidationTests.swift in Sources */,
				7F1E4F6716064B0CFBDCA8E9 /* TerminalWorkspaceManagerTests.swift in Sources */,
				648965C44BBCF4C6C136B6A1 /* ThemeModeTests.swift in Sources */,
				59ACC177FCB14BC5A444F1EE /* WorkspaceProjectIsolationTests.swift in Sources */,
				A7BE3F5EFABB7833F98B40FC /* WorkspaceStoreTests.swift in Sources */,
			);
			runOnlyForDeploymentPostprocessing = 0;
		};
		BACDA9BEFF7DA11042C65BB0 /* Sources */ = {
			isa = PBXSourcesBuildPhase;
			buildActionMask = 2147483647;
			files = (
				5C31CC74E40331976E9CCB61 /* AppState.swift in Sources */,
				0708AED0CE4F1D8F854D4207 /* ConsoleView.swift in Sources */,
				00AB36417BE4C2C30F25D549 /* ContentView.swift in Sources */,
				2E7694D090B7E99F7769C029 /* DaemonMessage.swift in Sources */,
				27ACD95FAE1D070B5CDF8E44 /* DesignTokens.swift in Sources */,
				AA0AD14BD3C84564A3BF8F41 /* Device.swift in Sources */,
				A64DA7BE49AE46B4EBD82964 /* FluggerApp.swift in Sources */,
				434A219E4683E9DCE116EE25 /* FlutterDaemon.swift in Sources */,
				856A2316A3E033F6B0F5A420 /* FlutterProjectMaintenanceService.swift in Sources */,
				FCFB244068E3E7FA83ACF722 /* FlutterRunner.swift in Sources */,
				312E55F228081EA816F1DADF /* KeyboardShortcut.swift in Sources */,
				394CF4704C826C2732445DE1 /* KeyboardShortcutStore.swift in Sources */,
				4E56EC6CA5B080C05B6AD6F7 /* LaunchConfig.swift in Sources */,
				ADDEA4858553067D136E67A6 /* LegacySidebarToolbarItemCleanup.swift in Sources */,
				6ECD3CAEC5F2D6F621BF41AE /* LiveWorkspaceView.swift in Sources */,
				721E5248DA9472FDF665DEAE /* LogEntry.swift in Sources */,
				BD789F4471451F982F278352 /* RunnerMessage.swift in Sources */,
				719300B07EE2390FB5C1D46D /* SessionDetailView.swift in Sources */,
				3BF5931C1FD30FCC3E6E512E /* SettingsView.swift in Sources */,
				28AFA88B737DFE02C5F76CAF /* TerminalPaneView.swift in Sources */,
				94DFD392D1266C62C890EA53 /* TerminalWorkspaceManager.swift in Sources */,
				6C91BB9A4F7F789C07827CBC /* UserDefaultsStore.swift in Sources */,
				8404B29785C8B2EED01F1AE9 /* WorkbenchSidebar.swift in Sources */,
				5F8E2EAAF34B68570A8FCB78 /* WorkspaceModels.swift in Sources */,
				AB191763BDB8030CC75DA340 /* WorkspaceStore.swift in Sources */,
				A5AD0407EBF01A72F8B8C40D /* WorkspaceViewModel.swift in Sources */,
			);
			runOnlyForDeploymentPostprocessing = 0;
		};
/* End PBXSourcesBuildPhase section */

/* Begin PBXTargetDependency section */
		688D4A77DDCDFE5AD97ABA7D /* PBXTargetDependency */ = {
			isa = PBXTargetDependency;
			target = C065D9C14285BC70311DB6A0 /* Flugger */;
			targetProxy = BBCCD3B34FD02B6182712304 /* PBXContainerItemProxy */;
		};
/* End PBXTargetDependency section */

/* Begin XCBuildConfiguration section */
		14112B6E3B6810CF5DDA0881 /* Release */ = {
			isa = XCBuildConfiguration;
			buildSettings = {
				ALWAYS_SEARCH_USER_PATHS = NO;
				CLANG_ANALYZER_NONNULL = YES;
				CLANG_ANALYZER_NUMBER_OBJECT_CONVERSION = YES_AGGRESSIVE;
				CLANG_CXX_LANGUAGE_STANDARD = "gnu++14";
				CLANG_CXX_LIBRARY = "libc++";
				CLANG_ENABLE_MODULES = YES;
				CLANG_ENABLE_OBJC_ARC = YES;
				CLANG_ENABLE_OBJC_WEAK = YES;
				CLANG_WARN_BLOCK_CAPTURE_AUTORELEASING = YES;
				CLANG_WARN_BOOL_CONVERSION = YES;
				CLANG_WARN_COMMA = YES;
				CLANG_WARN_CONSTANT_CONVERSION = YES;
				CLANG_WARN_DEPRECATED_OBJC_IMPLEMENTATIONS = YES;
				CLANG_WARN_DIRECT_OBJC_ISA_USAGE = YES_ERROR;
				CLANG_WARN_DOCUMENTATION_COMMENTS = YES;
				CLANG_WARN_EMPTY_BODY = YES;
				CLANG_WARN_ENUM_CONVERSION = YES;
				CLANG_WARN_INFINITE_RECURSION = YES;
				CLANG_WARN_INT_CONVERSION = YES;
				CLANG_WARN_NON_LITERAL_NULL_CONVERSION = YES;
				CLANG_WARN_OBJC_IMPLICIT_RETAIN_SELF = YES;
				CLANG_WARN_OBJC_LITERAL_CONVERSION = YES;
				CLANG_WARN_OBJC_ROOT_CLASS = YES_ERROR;
				CLANG_WARN_QUOTED_INCLUDE_IN_FRAMEWORK_HEADER = YES;
				CLANG_WARN_RANGE_LOOP_ANALYSIS = YES;
				CLANG_WARN_STRICT_PROTOTYPES = YES;
				CLANG_WARN_SUSPICIOUS_MOVE = YES;
				CLANG_WARN_UNGUARDED_AVAILABILITY = YES_AGGRESSIVE;
				CLANG_WARN_UNREACHABLE_CODE = YES;
				CLANG_WARN__DUPLICATE_METHOD_MATCH = YES;
				COPY_PHASE_STRIP = NO;
				DEBUG_INFORMATION_FORMAT = "dwarf-with-dsym";
				ENABLE_NS_ASSERTIONS = NO;
				ENABLE_STRICT_OBJC_MSGSEND = YES;
				GCC_C_LANGUAGE_STANDARD = gnu11;
				GCC_NO_COMMON_BLOCKS = YES;
				GCC_WARN_64_TO_32_BIT_CONVERSION = YES;
				GCC_WARN_ABOUT_RETURN_TYPE = YES_ERROR;
				GCC_WARN_UNDECLARED_SELECTOR = YES;
				GCC_WARN_UNINITIALIZED_AUTOS = YES_AGGRESSIVE;
				GCC_WARN_UNUSED_FUNCTION = YES;
				GCC_WARN_UNUSED_VARIABLE = YES;
				MTL_ENABLE_DEBUG_INFO = NO;
				MTL_FAST_MATH = YES;
				PRODUCT_NAME = "$(TARGET_NAME)";
				SDKROOT = macosx;
				SWIFT_COMPILATION_MODE = wholemodule;
				SWIFT_OPTIMIZATION_LEVEL = "-O";
				SWIFT_VERSION = 5.0;
			};
			name = Release;
		};
		261E2993C86245AAC5629FA3 /* Debug */ = {
			isa = XCBuildConfiguration;
			buildSettings = {
				ALWAYS_SEARCH_USER_PATHS = NO;
				CLANG_ANALYZER_NONNULL = YES;
				CLANG_ANALYZER_NUMBER_OBJECT_CONVERSION = YES_AGGRESSIVE;
				CLANG_CXX_LANGUAGE_STANDARD = "gnu++14";
				CLANG_CXX_LIBRARY = "libc++";
				CLANG_ENABLE_MODULES = YES;
				CLANG_ENABLE_OBJC_ARC = YES;
				CLANG_ENABLE_OBJC_WEAK = YES;
				CLANG_WARN_BLOCK_CAPTURE_AUTORELEASING = YES;
				CLANG_WARN_BOOL_CONVERSION = YES;
				CLANG_WARN_COMMA = YES;
				CLANG_WARN_CONSTANT_CONVERSION = YES;
				CLANG_WARN_DEPRECATED_OBJC_IMPLEMENTATIONS = YES;
				CLANG_WARN_DIRECT_OBJC_ISA_USAGE = YES_ERROR;
				CLANG_WARN_DOCUMENTATION_COMMENTS = YES;
				CLANG_WARN_EMPTY_BODY = YES;
				CLANG_WARN_ENUM_CONVERSION = YES;
				CLANG_WARN_INFINITE_RECURSION = YES;
				CLANG_WARN_INT_CONVERSION = YES;
				CLANG_WARN_NON_LITERAL_NULL_CONVERSION = YES;
				CLANG_WARN_OBJC_IMPLICIT_RETAIN_SELF = YES;
				CLANG_WARN_OBJC_LITERAL_CONVERSION = YES;
				CLANG_WARN_OBJC_ROOT_CLASS = YES_ERROR;
				CLANG_WARN_QUOTED_INCLUDE_IN_FRAMEWORK_HEADER = YES;
				CLANG_WARN_RANGE_LOOP_ANALYSIS = YES;
				CLANG_WARN_STRICT_PROTOTYPES = YES;
				CLANG_WARN_SUSPICIOUS_MOVE = YES;
				CLANG_WARN_UNGUARDED_AVAILABILITY = YES_AGGRESSIVE;
				CLANG_WARN_UNREACHABLE_CODE = YES;
				CLANG_WARN__DUPLICATE_METHOD_MATCH = YES;
				COPY_PHASE_STRIP = NO;
				DEBUG_INFORMATION_FORMAT = dwarf;
				ENABLE_STRICT_OBJC_MSGSEND = YES;
				ENABLE_TESTABILITY = YES;
				GCC_C_LANGUAGE_STANDARD = gnu11;
				GCC_DYNAMIC_NO_PIC = NO;
				GCC_NO_COMMON_BLOCKS = YES;
				GCC_OPTIMIZATION_LEVEL = 0;
				GCC_PREPROCESSOR_DEFINITIONS = (
					"$(inherited)",
					"DEBUG=1",
				);
				GCC_WARN_64_TO_32_BIT_CONVERSION = YES;
				GCC_WARN_ABOUT_RETURN_TYPE = YES_ERROR;
				GCC_WARN_UNDECLARED_SELECTOR = YES;
				GCC_WARN_UNINITIALIZED_AUTOS = YES_AGGRESSIVE;
				GCC_WARN_UNUSED_FUNCTION = YES;
				GCC_WARN_UNUSED_VARIABLE = YES;
				MTL_ENABLE_DEBUG_INFO = INCLUDE_SOURCE;
				MTL_FAST_MATH = YES;
				ONLY_ACTIVE_ARCH = YES;
				PRODUCT_NAME = "$(TARGET_NAME)";
				SDKROOT = macosx;
				SWIFT_ACTIVE_COMPILATION_CONDITIONS = DEBUG;
				SWIFT_OPTIMIZATION_LEVEL = "-Onone";
				SWIFT_VERSION = 5.0;
			};
			name = Debug;
		};
		568729921880A857D8573140 /* Release */ = {
			isa = XCBuildConfiguration;
			buildSettings = {
				ASSETCATALOG_COMPILER_APPICON_NAME = AppIcon;
				CODE_SIGN_ENTITLEMENTS = Sources/Flugger/Flugger.entitlements;
				COMBINE_HIDPI_IMAGES = YES;
				CURRENT_PROJECT_VERSION = 1;
				ENABLE_STRICT_CONCURRENCY = YES;
				INFOPLIST_FILE = Sources/Flugger/Info.plist;
				LD_RUNPATH_SEARCH_PATHS = (
					"$(inherited)",
					"@executable_path/../Frameworks",
				);
				MACOSX_DEPLOYMENT_TARGET = 15.0;
				MARKETING_VERSION = 1.0.0;
				PRODUCT_BUNDLE_IDENTIFIER = com.fluttervibe.Flugger;
				PRODUCT_NAME = Flugger;
				SDKROOT = macosx;
				SWIFT_VERSION = 5.9;
			};
			name = Release;
		};
		7F89D2FC724B1F7B1CA6830A /* Debug */ = {
			isa = XCBuildConfiguration;
			buildSettings = {
				ASSETCATALOG_COMPILER_APPICON_NAME = AppIcon;
				CODE_SIGN_ENTITLEMENTS = Sources/Flugger/Flugger.entitlements;
				COMBINE_HIDPI_IMAGES = YES;
				CURRENT_PROJECT_VERSION = 1;
				ENABLE_STRICT_CONCURRENCY = YES;
				INFOPLIST_FILE = Sources/Flugger/Info.plist;
				LD_RUNPATH_SEARCH_PATHS = (
					"$(inherited)",
					"@executable_path/../Frameworks",
				);
				MACOSX_DEPLOYMENT_TARGET = 15.0;
				MARKETING_VERSION = 1.0.0;
				PRODUCT_BUNDLE_IDENTIFIER = com.fluttervibe.Flugger;
				PRODUCT_NAME = Flugger;
				SDKROOT = macosx;
				SWIFT_VERSION = 5.9;
			};
			name = Debug;
		};
		DCA6CA2FA5B8051F4ABCADC7 /* Release */ = {
			isa = XCBuildConfiguration;
			buildSettings = {
				BUNDLE_LOADER = "$(TEST_HOST)";
				COMBINE_HIDPI_IMAGES = YES;
				ENABLE_STRICT_CONCURRENCY = YES;
				GENERATE_INFOPLIST_FILE = YES;
				LD_RUNPATH_SEARCH_PATHS = (
					"$(inherited)",
					"@executable_path/../Frameworks",
					"@loader_path/../Frameworks",
				);
				MACOSX_DEPLOYMENT_TARGET = 15.0;
				SDKROOT = macosx;
				SWIFT_VERSION = 5.9;
				TEST_HOST = "$(BUILT_PRODUCTS_DIR)/Flugger.app/Contents/MacOS/Flugger";
			};
			name = Release;
		};
		DD69FD563A544F2E2D1F0B04 /* Debug */ = {
			isa = XCBuildConfiguration;
			buildSettings = {
				BUNDLE_LOADER = "$(TEST_HOST)";
				COMBINE_HIDPI_IMAGES = YES;
				ENABLE_STRICT_CONCURRENCY = YES;
				GENERATE_INFOPLIST_FILE = YES;
				LD_RUNPATH_SEARCH_PATHS = (
					"$(inherited)",
					"@executable_path/../Frameworks",
					"@loader_path/../Frameworks",
				);
				MACOSX_DEPLOYMENT_TARGET = 15.0;
				SDKROOT = macosx;
				SWIFT_VERSION = 5.9;
				TEST_HOST = "$(BUILT_PRODUCTS_DIR)/Flugger.app/Contents/MacOS/Flugger";
			};
			name = Debug;
		};
/* End XCBuildConfiguration section */

/* Begin XCConfigurationList section */
		3E390EC327689EB35C60E2B1 /* Build configuration list for PBXNativeTarget "Flugger" */ = {
			isa = XCConfigurationList;
			buildConfigurations = (
				7F89D2FC724B1F7B1CA6830A /* Debug */,
				568729921880A857D8573140 /* Release */,
			);
			defaultConfigurationIsVisible = 0;
			defaultConfigurationName = Debug;
		};
		5DD6F08728BED50C3B72A449 /* Build configuration list for PBXNativeTarget "FluggerTests" */ = {
			isa = XCConfigurationList;
			buildConfigurations = (
				DD69FD563A544F2E2D1F0B04 /* Debug */,
				DCA6CA2FA5B8051F4ABCADC7 /* Release */,
			);
			defaultConfigurationIsVisible = 0;
			defaultConfigurationName = Debug;
		};
		E1B001A2C2FA19ADCB961354 /* Build configuration list for PBXProject "Flugger" */ = {
			isa = XCConfigurationList;
			buildConfigurations = (
				261E2993C86245AAC5629FA3 /* Debug */,
				14112B6E3B6810CF5DDA0881 /* Release */,
			);
			defaultConfigurationIsVisible = 0;
			defaultConfigurationName = Debug;
		};
/* End XCConfigurationList section */

/* Begin XCRemoteSwiftPackageReference section */
		3335CF4C7047683D3B720579 /* XCRemoteSwiftPackageReference "SwiftTerm" */ = {
			isa = XCRemoteSwiftPackageReference;
			repositoryURL = "https://github.com/migueldeicaza/SwiftTerm.git";
			requirement = {
				kind = exactVersion;
				version = 1.11.2;
			};
		};
/* End XCRemoteSwiftPackageReference section */

/* Begin XCSwiftPackageProductDependency section */
		36CA4DCF99B160C8AFEA0BDB /* SwiftTerm */ = {
			isa = XCSwiftPackageProductDependency;
			package = 3335CF4C7047683D3B720579 /* XCRemoteSwiftPackageReference "SwiftTerm" */;
			productName = SwiftTerm;
		};
/* End XCSwiftPackageProductDependency section */
	};
	rootObject = 5D6B3E4873E4844686FE3CFC /* Project object */;
}
